
Microsoft Visual Studio Solution File, Format Version 12.00
# Visual Studio Version 17
VisualStudioVersion = 17.5.002.0
MinimumVisualStudioVersion = 10.0.40219.1
Project("{9A19103F-16F7-4668-BE54-9A1E7A4F7556}") = "Lab02", "Lab02.csproj", "{C423AC11-4603-48F2-91CD-E4C50121B072}"
EndProject
Global
	GlobalSection(SolutionConfigurationPlatforms) = preSolution
		Debug|Any CPU = Debug|Any CPU
		Release|Any CPU = Release|Any CPU
	EndGlobalSection
	GlobalSection(ProjectConfigurationPlatforms) = postSolution
		{C423AC11-4603-48F2-91CD-E4C50121B072}.Debug|Any CPU.ActiveCfg = Debug|Any CPU
		{C423AC11-4603-48F2-91CD-E4C50121B072}.Debug|Any CPU.Build.0 = Debug|Any CPU
		{C423AC11-4603-48F2-91CD-E4C50121B072}.Release|Any CPU.ActiveCfg = Release|Any CPU
		{C423AC11-4603-48F2-91CD-E4C50121B072}.Release|Any CPU.Build.0 = Release|Any CPU
	EndGlobalSection
	GlobalSection(SolutionProperties) = preSolution
		HideSolutionNode = FALSE
	EndGlobalSection
	GlobalSection(ExtensibilityGlobals) = postSolution
		SolutionGuid = {BCF53E0F-5E2F-4984-A0BC-E916374ECAFC}
	EndGlobalSection
EndGlobal
